
Microsoft Visual Studio Solution File, Format Version 12.00
Project("{FAE04EC0-301F-11D3-BF4B-00C04F79EFBC}") = "mochicloset-backend", "mochicloset-backend\mochicloset-backend.csproj", "{CA291BD7-CED0-4796-97D3-76508B965AE4}"
EndProject
Global
	GlobalSection(SolutionConfigurationPlatforms) = preSolution
		Debug|Any CPU = Debug|Any CPU
		Release|Any CPU = Release|Any CPU
	EndGlobalSection
	GlobalSection(ProjectConfigurationPlatforms) = postSolution
		{CA291BD7-CED0-4796-97D3-76508B965AE4}.Debug|Any CPU.ActiveCfg = Debug|Any CPU
		{CA291BD7-CED0-4796-97D3-76508B965AE4}.Debug|Any CPU.Build.0 = Debug|Any CPU
		{CA291BD7-CED0-4796-97D3-76508B965AE4}.Release|Any CPU.ActiveCfg = Release|Any CPU
		{CA291BD7-CED0-4796-97D3-76508B965AE4}.Release|Any CPU.Build.0 = Release|Any CPU
	EndGlobalSection
EndGlobal
